
Microsoft Visual Studio Solution File, Format Version 12.00
# Visual Studio Version 17
VisualStudioVersion = 17.14.36414.22
MinimumVisualStudioVersion = 10.0.40219.1
Project("{2150E333-8FDC-42A3-9474-1A3956D46DE8}") = "Task0", "Task0", "{02EA681E-C7D8-13C7-8484-4AC65E1B71E8}"
EndProject
Project("{FAE04EC0-301F-11D3-BF4B-00C04F79EFBC}") = "Tyuiu.ZelenovaIV.Sprint5.Task0.V7.Lib", "Tyuiu.ZelenovaIV.Sprint5.Task0.V7.Lib\Tyuiu.ZelenovaIV.Sprint5.Task0.V7.Lib.csproj", "{937C05E1-5726-4BF8-AE9A-FA982B75EE6B}"
EndProject
Project("{FAE04EC0-301F-11D3-BF4B-00C04F79EFBC}") = "Tyuiu.ZelenovaIV.Sprint5.Task0.V7.Test", "Tyuiu.ZelenovaIV.Sprint5.Task0.V7.Test\Tyuiu.ZelenovaIV.Sprint5.Task0.V7.Test.csproj", "{9CC3A99E-2474-449F-8C2F-029C6F6E2F3E}"
EndProject
Project("{FAE04EC0-301F-11D3-BF4B-00C04F79EFBC}") = "Tyuiu.ZelenovaIV.Sprint5.Task0.V7", "Tyuiu.ZelenovaIV.Sprint5.Task0.V7\Tyuiu.ZelenovaIV.Sprint5.Task0.V7.csproj", "{4EEDDE14-9DAA-4004-854B-DEA41AB270C0}"
EndProject
Project("{2150E333-8FDC-42A3-9474-1A3956D46DE8}") = "Task1", "Task1", "{53B7C888-30D2-42C4-A2FE-54F09AE7C0A1}"
EndProject
Global
	GlobalSection(SolutionConfigurationPlatforms) = preSolution
		Debug|Any CPU = Debug|Any CPU
		Release|Any CPU = Release|Any CPU
	EndGlobalSection
	GlobalSection(ProjectConfigurationPlatforms) = postSolution
		{937C05E1-5726-4BF8-AE9A-FA982B75EE6B}.Debug|Any CPU.ActiveCfg = Debug|Any CPU
		{937C05E1-5726-4BF8-AE9A-FA982B75EE6B}.Debug|Any CPU.Build.0 = Debug|Any CPU
		{937C05E1-5726-4BF8-AE9A-FA982B75EE6B}.Release|Any CPU.ActiveCfg = Release|Any CPU
		{937C05E1-5726-4BF8-AE9A-FA982B75EE6B}.Release|Any CPU.Build.0 = Release|Any CPU
		{9CC3A99E-2474-449F-8C2F-029C6F6E2F3E}.Debug|Any CPU.ActiveCfg = Debug|Any CPU
		{9CC3A99E-2474-449F-8C2F-029C6F6E2F3E}.Debug|Any CPU.Build.0 = Debug|Any CPU
		{9CC3A99E-2474-449F-8C2F-029C6F6E2F3E}.Release|Any CPU.ActiveCfg = Release|Any CPU
		{9CC3A99E-2474-449F-8C2F-029C6F6E2F3E}.Release|Any CPU.Build.0 = Release|Any CPU
		{4EEDDE14-9DAA-4004-854B-DEA41AB270C0}.Debug|Any CPU.ActiveCfg = Debug|Any CPU
		{4EEDDE14-9DAA-4004-854B-DEA41AB270C0}.Debug|Any CPU.Build.0 = Debug|Any CPU
		{4EEDDE14-9DAA-4004-854B-DEA41AB270C0}.Release|Any CPU.ActiveCfg = Release|Any CPU
		{4EEDDE14-9DAA-4004-854B-DEA41AB270C0}.Release|Any CPU.Build.0 = Release|Any CPU
	EndGlobalSection
	GlobalSection(SolutionProperties) = preSolution
		HideSolutionNode = FALSE
	EndGlobalSection
	GlobalSection(NestedProjects) = preSolution
		{937C05E1-5726-4BF8-AE9A-FA982B75EE6B} = {02EA681E-C7D8-13C7-8484-4AC65E1B71E8}
		{9CC3A99E-2474-449F-8C2F-029C6F6E2F3E} = {02EA681E-C7D8-13C7-8484-4AC65E1B71E8}
		{4EEDDE14-9DAA-4004-854B-DEA41AB270C0} = {02EA681E-C7D8-13C7-8484-4AC65E1B71E8}
	EndGlobalSection
	GlobalSection(ExtensibilityGlobals) = postSolution
		SolutionGuid = {9CA130F0-3987-4A0D-A53D-0B0523AD61D6}
	EndGlobalSection
EndGlobal
