
Microsoft Visual Studio Solution File, Format Version 12.00
# Visual Studio Version 17
VisualStudioVersion = 17.14.36414.22
MinimumVisualStudioVersion = 10.0.40219.1
Project("{2150E333-8FDC-42A3-9474-1A3956D46DE8}") = "Task0", "Task0", "{02EA681E-C7D8-13C7-8484-4AC65E1B71E8}"
EndProject
Project("{FAE04EC0-301F-11D3-BF4B-00C04F79EFBC}") = "Tyuiu.ZelenovaIV.Sprint5.Task0.V7.Lib", "Tyuiu.ZelenovaIV.Sprint5.Task0.V7.Lib\Tyuiu.ZelenovaIV.Sprint5.Task0.V7.Lib.csproj", "{937C05E1-5726-4BF8-AE9A-FA982B75EE6B}"
EndProject
Project("{FAE04EC0-301F-11D3-BF4B-00C04F79EFBC}") = "Tyuiu.ZelenovaIV.Sprint5.Task0.V7.Test", "Tyuiu.ZelenovaIV.Sprint5.Task0.V7.Test\Tyuiu.ZelenovaIV.Sprint5.Task0.V7.Test.csproj", "{9CC3A99E-2474-449F-8C2F-029C6F6E2F3E}"
EndProject
Project("{FAE04EC0-301F-11D3-BF4B-00C04F79EFBC}") = "Tyuiu.ZelenovaIV.Sprint5.Task0.V7", "Tyuiu.ZelenovaIV.Sprint5.Task0.V7\Tyuiu.ZelenovaIV.Sprint5.Task0.V7.csproj", "{4EEDDE14-9DAA-4004-854B-DEA41AB270C0}"
EndProject
Project("{2150E333-8FDC-42A3-9474-1A3956D46DE8}") = "Task1", "Task1", "{53B7C888-30D2-42C4-A2FE-54F09AE7C0A1}"
EndProject
Project("{FAE04EC0-301F-11D3-BF4B-00C04F79EFBC}") = "Tyuiu.ZelenovaIV.Sprint5.Task1.V12.Lib", "Tyuiu.ZelenovaIV.Sprint5.Task1.V12.Lib\Tyuiu.ZelenovaIV.Sprint5.Task1.V12.Lib.csproj", "{7715420A-DE97-4D0D-92E8-E9FC324174A4}"
EndProject
Project("{FAE04EC0-301F-11D3-BF4B-00C04F79EFBC}") = "Tyuiu.ZelenovaIV.Sprint5.Task1.V12.Test", "Tyuiu.ZelenovaIV.Sprint5.Task1.V12.Test\Tyuiu.ZelenovaIV.Sprint5.Task1.V12.Test.csproj", "{1DA11A09-4A10-40F2-BEBC-409D38DF5FDC}"
EndProject
Project("{FAE04EC0-301F-11D3-BF4B-00C04F79EFBC}") = "Tyuiu.ZelenovaIV.Sprint5.Task1.V12", "Tyuiu.ZelenovaIV.Sprint5.Task1.V12\Tyuiu.ZelenovaIV.Sprint5.Task1.V12.csproj", "{85283512-D473-4606-BD91-113BE72857B1}"
EndProject
Project("{2150E333-8FDC-42A3-9474-1A3956D46DE8}") = "Task2", "Task2", "{3FCE2481-156C-4E30-8DB0-371BEC8BF9BC}"
EndProject
Project("{FAE04EC0-301F-11D3-BF4B-00C04F79EFBC}") = "Tyuiu.ZelenovaIV.Sprint5.Task2.V19.Lib", "Tyuiu.ZelenovaIV.Sprint5.Task2.V19.Lib\Tyuiu.ZelenovaIV.Sprint5.Task2.V19.Lib.csproj", "{F0C16B43-EB13-4891-9F5E-8EA771A41D52}"
EndProject
Project("{FAE04EC0-301F-11D3-BF4B-00C04F79EFBC}") = "Tyuiu.ZelenovaIV.Sprint5.Task2.V19.Test", "Tyuiu.ZelenovaIV.Sprint5.Task2.V19.Test\Tyuiu.ZelenovaIV.Sprint5.Task2.V19.Test.csproj", "{B0B51CF8-A42A-4EBB-AD4A-BCFD97792504}"
EndProject
Project("{FAE04EC0-301F-11D3-BF4B-00C04F79EFBC}") = "Tyuiu.ZelenovaIV.Sprint5.Task2.V19", "Tyuiu.ZelenovaIV.Sprint5.Task2.V19\Tyuiu.ZelenovaIV.Sprint5.Task2.V19.csproj", "{80AE8E0A-9C4A-4ECB-AD16-516BFF0E3784}"
EndProject
Global
	GlobalSection(SolutionConfigurationPlatforms) = preSolution
		Debug|Any CPU = Debug|Any CPU
		Release|Any CPU = Release|Any CPU
	EndGlobalSection
	GlobalSection(ProjectConfigurationPlatforms) = postSolution
		{937C05E1-5726-4BF8-AE9A-FA982B75EE6B}.Debug|Any CPU.ActiveCfg = Debug|Any CPU
		{937C05E1-5726-4BF8-AE9A-FA982B75EE6B}.Debug|Any CPU.Build.0 = Debug|Any CPU
		{937C05E1-5726-4BF8-AE9A-FA982B75EE6B}.Release|Any CPU.ActiveCfg = Release|Any CPU
		{937C05E1-5726-4BF8-AE9A-FA982B75EE6B}.Release|Any CPU.Build.0 = Release|Any CPU
		{9CC3A99E-2474-449F-8C2F-029C6F6E2F3E}.Debug|Any CPU.ActiveCfg = Debug|Any CPU
		{9CC3A99E-2474-449F-8C2F-029C6F6E2F3E}.Debug|Any CPU.Build.0 = Debug|Any CPU
		{9CC3A99E-2474-449F-8C2F-029C6F6E2F3E}.Release|Any CPU.ActiveCfg = Release|Any CPU
		{9CC3A99E-2474-449F-8C2F-029C6F6E2F3E}.Release|Any CPU.Build.0 = Release|Any CPU
		{4EEDDE14-9DAA-4004-854B-DEA41AB270C0}.Debug|Any CPU.ActiveCfg = Debug|Any CPU
		{4EEDDE14-9DAA-4004-854B-DEA41AB270C0}.Debug|Any CPU.Build.0 = Debug|Any CPU
		{4EEDDE14-9DAA-4004-854B-DEA41AB270C0}.Release|Any CPU.ActiveCfg = Release|Any CPU
		{4EEDDE14-9DAA-4004-854B-DEA41AB270C0}.Release|Any CPU.Build.0 = Release|Any CPU
		{7715420A-DE97-4D0D-92E8-E9FC324174A4}.Debug|Any CPU.ActiveCfg = Debug|Any CPU
		{7715420A-DE97-4D0D-92E8-E9FC324174A4}.Debug|Any CPU.Build.0 = Debug|Any CPU
		{7715420A-DE97-4D0D-92E8-E9FC324174A4}.Release|Any CPU.ActiveCfg = Release|Any CPU
		{7715420A-DE97-4D0D-92E8-E9FC324174A4}.Release|Any CPU.Build.0 = Release|Any CPU
		{1DA11A09-4A10-40F2-BEBC-409D38DF5FDC}.Debug|Any CPU.ActiveCfg = Debug|Any CPU
		{1DA11A09-4A10-40F2-BEBC-409D38DF5FDC}.Debug|Any CPU.Build.0 = Debug|Any CPU
		{1DA11A09-4A10-40F2-BEBC-409D38DF5FDC}.Release|Any CPU.ActiveCfg = Release|Any CPU
		{1DA11A09-4A10-40F2-BEBC-409D38DF5FDC}.Release|Any CPU.Build.0 = Release|Any CPU
		{85283512-D473-4606-BD91-113BE72857B1}.Debug|Any CPU.ActiveCfg = Debug|Any CPU
		{85283512-D473-4606-BD91-113BE72857B1}.Debug|Any CPU.Build.0 = Debug|Any CPU
		{85283512-D473-4606-BD91-113BE72857B1}.Release|Any CPU.ActiveCfg = Release|Any CPU
		{85283512-D473-4606-BD91-113BE72857B1}.Release|Any CPU.Build.0 = Release|Any CPU
		{F0C16B43-EB13-4891-9F5E-8EA771A41D52}.Debug|Any CPU.ActiveCfg = Debug|Any CPU
		{F0C16B43-EB13-4891-9F5E-8EA771A41D52}.Debug|Any CPU.Build.0 = Debug|Any CPU
		{F0C16B43-EB13-4891-9F5E-8EA771A41D52}.Release|Any CPU.ActiveCfg = Release|Any CPU
		{F0C16B43-EB13-4891-9F5E-8EA771A41D52}.Release|Any CPU.Build.0 = Release|Any CPU
		{B0B51CF8-A42A-4EBB-AD4A-BCFD97792504}.Debug|Any CPU.ActiveCfg = Debug|Any CPU
		{B0B51CF8-A42A-4EBB-AD4A-BCFD97792504}.Debug|Any CPU.Build.0 = Debug|Any CPU
		{B0B51CF8-A42A-4EBB-AD4A-BCFD97792504}.Release|Any CPU.ActiveCfg = Release|Any CPU
		{B0B51CF8-A42A-4EBB-AD4A-BCFD97792504}.Release|Any CPU.Build.0 = Release|Any CPU
		{80AE8E0A-9C4A-4ECB-AD16-516BFF0E3784}.Debug|Any CPU.ActiveCfg = Debug|Any CPU
		{80AE8E0A-9C4A-4ECB-AD16-516BFF0E3784}.Debug|Any CPU.Build.0 = Debug|Any CPU
		{80AE8E0A-9C4A-4ECB-AD16-516BFF0E3784}.Release|Any CPU.ActiveCfg = Release|Any CPU
		{80AE8E0A-9C4A-4ECB-AD16-516BFF0E3784}.Release|Any CPU.Build.0 = Release|Any CPU
	EndGlobalSection
	GlobalSection(SolutionProperties) = preSolution
		HideSolutionNode = FALSE
	EndGlobalSection
	GlobalSection(NestedProjects) = preSolution
		{937C05E1-5726-4BF8-AE9A-FA982B75EE6B} = {02EA681E-C7D8-13C7-8484-4AC65E1B71E8}
		{9CC3A99E-2474-449F-8C2F-029C6F6E2F3E} = {02EA681E-C7D8-13C7-8484-4AC65E1B71E8}
		{4EEDDE14-9DAA-4004-854B-DEA41AB270C0} = {02EA681E-C7D8-13C7-8484-4AC65E1B71E8}
		{7715420A-DE97-4D0D-92E8-E9FC324174A4} = {53B7C888-30D2-42C4-A2FE-54F09AE7C0A1}
		{1DA11A09-4A10-40F2-BEBC-409D38DF5FDC} = {53B7C888-30D2-42C4-A2FE-54F09AE7C0A1}
		{85283512-D473-4606-BD91-113BE72857B1} = {53B7C888-30D2-42C4-A2FE-54F09AE7C0A1}
		{F0C16B43-EB13-4891-9F5E-8EA771A41D52} = {3FCE2481-156C-4E30-8DB0-371BEC8BF9BC}
		{B0B51CF8-A42A-4EBB-AD4A-BCFD97792504} = {3FCE2481-156C-4E30-8DB0-371BEC8BF9BC}
		{80AE8E0A-9C4A-4ECB-AD16-516BFF0E3784} = {3FCE2481-156C-4E30-8DB0-371BEC8BF9BC}
	EndGlobalSection
	GlobalSection(ExtensibilityGlobals) = postSolution
		SolutionGuid = {9CA130F0-3987-4A0D-A53D-0B0523AD61D6}
	EndGlobalSection
EndGlobal
